
Microsoft Visual Studio Solution File, Format Version 12.00
# Visual Studio 14
VisualStudioVersion = 14.0.25123.0
MinimumVisualStudioVersion = 10.0.40219.1
Project("{FAE04EC0-301F-11D3-BF4B-00C04F79EFBC}") = "qqzonespiderform", "qqzonespiderform\qqzonespiderform.csproj", "{9DAB3AC5-3EB7-42AE-B83E-7407A42D812D}"
EndProject
Project("{FAE04EC0-301F-11D3-BF4B-00C04F79EFBC}") = "QQZoneParser", "QQZoneParser\QQZoneParser.csproj", "{03276768-94D1-491E-AB37-2D05D7B27304}"
EndProject
Project("{FAE04EC0-301F-11D3-BF4B-00C04F79EFBC}") = "SplitWord", "SplitWord\SplitWord.csproj", "{E1EA2D1A-4F0B-463D-B82F-012E3E0B8373}"
EndProject
Project("{FAE04EC0-301F-11D3-BF4B-00C04F79EFBC}") = "dataAnalyse", "dataAnalyse\dataAnalyse.csproj", "{41D23286-57BC-4EB5-AF40-7B6CAE0101D6}"
EndProject
Global
	GlobalSection(SolutionConfigurationPlatforms) = preSolution
		Debug|Any CPU = Debug|Any CPU
		Release|Any CPU = Release|Any CPU
	EndGlobalSection
	GlobalSection(ProjectConfigurationPlatforms) = postSolution
		{9DAB3AC5-3EB7-42AE-B83E-7407A42D812D}.Debug|Any CPU.ActiveCfg = Debug|Any CPU
		{9DAB3AC5-3EB7-42AE-B83E-7407A42D812D}.Debug|Any CPU.Build.0 = Debug|Any CPU
		{9DAB3AC5-3EB7-42AE-B83E-7407A42D812D}.Release|Any CPU.ActiveCfg = Release|Any CPU
		{9DAB3AC5-3EB7-42AE-B83E-7407A42D812D}.Release|Any CPU.Build.0 = Release|Any CPU
		{03276768-94D1-491E-AB37-2D05D7B27304}.Debug|Any CPU.ActiveCfg = Debug|Any CPU
		{03276768-94D1-491E-AB37-2D05D7B27304}.Debug|Any CPU.Build.0 = Debug|Any CPU
		{03276768-94D1-491E-AB37-2D05D7B27304}.Release|Any CPU.ActiveCfg = Release|Any CPU
		{03276768-94D1-491E-AB37-2D05D7B27304}.Release|Any CPU.Build.0 = Release|Any CPU
		{E1EA2D1A-4F0B-463D-B82F-012E3E0B8373}.Debug|Any CPU.ActiveCfg = Debug|Any CPU
		{E1EA2D1A-4F0B-463D-B82F-012E3E0B8373}.Debug|Any CPU.Build.0 = Debug|Any CPU
		{E1EA2D1A-4F0B-463D-B82F-012E3E0B8373}.Release|Any CPU.ActiveCfg = Release|Any CPU
		{E1EA2D1A-4F0B-463D-B82F-012E3E0B8373}.Release|Any CPU.Build.0 = Release|Any CPU
		{41D23286-57BC-4EB5-AF40-7B6CAE0101D6}.Debug|Any CPU.ActiveCfg = Debug|Any CPU
		{41D23286-57BC-4EB5-AF40-7B6CAE0101D6}.Debug|Any CPU.Build.0 = Debug|Any CPU
		{41D23286-57BC-4EB5-AF40-7B6CAE0101D6}.Release|Any CPU.ActiveCfg = Release|Any CPU
		{41D23286-57BC-4EB5-AF40-7B6CAE0101D6}.Release|Any CPU.Build.0 = Release|Any CPU
	EndGlobalSection
	GlobalSection(SolutionProperties) = preSolution
		HideSolutionNode = FALSE
	EndGlobalSection
EndGlobal
